// !$*UTF8*$!
{
	archiveVersion = 1;
	classes = {
	};
	objectVersion = 50;
	objects = {

/* Begin PBXBuildFile section */
		AF454C0E2515A4F500165E98 /* SettingsLabelView.swift in Sources */ = {isa = PBXBuildFile; fileRef = AF454C0D2515A4F500165E98 /* SettingsLabelView.swift */; };
		AF454C132516B16200165E98 /* SettingsRowView.swift in Sources */ = {isa = PBXBuildFile; fileRef = AF454C122516B16200165E98 /* SettingsRowView.swift */; };
		AF8BB7F525130288000A1CBF /* OnboardingView.swift in Sources */ = {isa = PBXBuildFile; fileRef = AF8BB7F425130288000A1CBF /* OnboardingView.swift */; };
		AF8BB7FE2514EF66000A1CBF /* FruitModel.swift in Sources */ = {isa = PBXBuildFile; fileRef = AF8BB7FD2514EF66000A1CBF /* FruitModel.swift */; };
		AF8BB8072514F08C000A1CBF /* FruitData.swift in Sources */ = {isa = PBXBuildFile; fileRef = AF8BB8062514F08C000A1CBF /* FruitData.swift */; };
		AF8BB81225150109000A1CBF /* FruitRowView.swift in Sources */ = {isa = PBXBuildFile; fileRef = AF8BB81125150109000A1CBF /* FruitRowView.swift */; };
		AF8BB817251541F6000A1CBF /* FruitDetailView.swift in Sources */ = {isa = PBXBuildFile; fileRef = AF8BB816251541F6000A1CBF /* FruitDetailView.swift */; };
		AF8BB81C251551F9000A1CBF /* FruitHeaderView.swift in Sources */ = {isa = PBXBuildFile; fileRef = AF8BB81B251551F9000A1CBF /* FruitHeaderView.swift */; };
		AF8BB8212515553E000A1CBF /* SourceLinkView.swift in Sources */ = {isa = PBXBuildFile; fileRef = AF8BB8202515553E000A1CBF /* SourceLinkView.swift */; };
		AF92BA8C25156A4C00FBDE60 /* FruitNutrientsView.swift in Sources */ = {isa = PBXBuildFile; fileRef = AF92BA8B25156A4C00FBDE60 /* FruitNutrientsView.swift */; };
		AF92BA972515893B00FBDE60 /* SettingsView.swift in Sources */ = {isa = PBXBuildFile; fileRef = AF92BA962515893B00FBDE60 /* SettingsView.swift */; };
		AFB542D92512B2D200E09E4D /* StartButtonView.swift in Sources */ = {isa = PBXBuildFile; fileRef = AFB542D82512B2D200E09E4D /* StartButtonView.swift */; };
		AFC2653A251189C800692C1D /* FructusApp.swift in Sources */ = {isa = PBXBuildFile; fileRef = AFC26539251189C800692C1D /* FructusApp.swift */; };
		AFC2653C251189C800692C1D /* ContentView.swift in Sources */ = {isa = PBXBuildFile; fileRef = AFC2653B251189C800692C1D /* ContentView.swift */; };
		AFC2653E251189CD00692C1D /* Assets.xcassets in Resources */ = {isa = PBXBuildFile; fileRef = AFC2653D251189CD00692C1D /* Assets.xcassets */; };
		AFC26541251189CD00692C1D /* Preview Assets.xcassets in Resources */ = {isa = PBXBuildFile; fileRef = AFC26540251189CD00692C1D /* Preview Assets.xcassets */; };
		AFC2654C251189CE00692C1D /* FructusTests.swift in Sources */ = {isa = PBXBuildFile; fileRef = AFC2654B251189CE00692C1D /* FructusTests.swift */; };
		AFC26557251189CE00692C1D /* FructusUITests.swift in Sources */ = {isa = PBXBuildFile; fileRef = AFC26556251189CE00692C1D /* FructusUITests.swift */; };
		AFC2656725118D8B00692C1D /* FruitCardView.swift in Sources */ = {isa = PBXBuildFile; fileRef = AFC2656625118D8B00692C1D /* FruitCardView.swift */; };
/* End PBXBuildFile section */

/* Begin PBXContainerItemProxy section */
		AFC26548251189CE00692C1D /* PBXContainerItemProxy */ = {
			isa = PBXContainerItemProxy;
			containerPortal = AFC2652E251189C800692C1D /* Project object */;
			proxyType = 1;
			remoteGlobalIDString = AFC26535251189C800692C1D;
			remoteInfo = Fructus;
		};
		AFC26553251189CE00692C1D /* PBXContainerItemProxy */ = {
			isa = PBXContainerItemProxy;
			containerPortal = AFC2652E251189C800692C1D /* Project object */;
			proxyType = 1;
			remoteGlobalIDString = AFC26535251189C800692C1D;
			remoteInfo = Fructus;
		};
/* End PBXContainerItemProxy section */

/* Begin PBXFileReference section */
		AF454C0D2515A4F500165E98 /* SettingsLabelView.swift */ = {isa = PBXFileReference; lastKnownFileType = sourcecode.swift; path = SettingsLabelView.swift; sourceTree = "<group>"; };
		AF454C122516B16200165E98 /* SettingsRowView.swift */ = {isa = PBXFileReference; lastKnownFileType = sourcecode.swift; path = SettingsRowView.swift; sourceTree = "<group>"; };
		AF8BB7F425130288000A1CBF /* OnboardingView.swift */ = {isa = PBXFileReference; lastKnownFileType = sourcecode.swift; path = OnboardingView.swift; sourceTree = "<group>"; };
		AF8BB7FD2514EF66000A1CBF /* FruitModel.swift */ = {isa = PBXFileReference; lastKnownFileType = sourcecode.swift; path = FruitModel.swift; sourceTree = "<group>"; };
		AF8BB8062514F08C000A1CBF /* FruitData.swift */ = {isa = PBXFileReference; lastKnownFileType = sourcecode.swift; path = FruitData.swift; sourceTree = "<group>"; };
		AF8BB81125150109000A1CBF /* FruitRowView.swift */ = {isa = PBXFileReference; lastKnownFileType = sourcecode.swift; path = FruitRowView.swift; sourceTree = "<group>"; };
		AF8BB816251541F6000A1CBF /* FruitDetailView.swift */ = {isa = PBXFileReference; lastKnownFileType = sourcecode.swift; path = FruitDetailView.swift; sourceTree = "<group>"; };
		AF8BB81B251551F9000A1CBF /* FruitHeaderView.swift */ = {isa = PBXFileReference; lastKnownFileType = sourcecode.swift; path = FruitHeaderView.swift; sourceTree = "<group>"; };
		AF8BB8202515553E000A1CBF /* SourceLinkView.swift */ = {isa = PBXFileReference; lastKnownFileType = sourcecode.swift; path = SourceLinkView.swift; sourceTree = "<group>"; };
		AF92BA8B25156A4C00FBDE60 /* FruitNutrientsView.swift */ = {isa = PBXFileReference; lastKnownFileType = sourcecode.swift; path = FruitNutrientsView.swift; sourceTree = "<group>"; };
		AF92BA962515893B00FBDE60 /* SettingsView.swift */ = {isa = PBXFileReference; lastKnownFileType = sourcecode.swift; path = SettingsView.swift; sourceTree = "<group>"; };
		AFB542D82512B2D200E09E4D /* StartButtonView.swift */ = {isa = PBXFileReference; lastKnownFileType = sourcecode.swift; path = StartButtonView.swift; sourceTree = "<group>"; };
		AFC26536251189C800692C1D /* Fructus.app */ = {isa = PBXFileReference; explicitFileType = wrapper.application; includeInIndex = 0; path = Fructus.app; sourceTree = BUILT_PRODUCTS_DIR; };
		AFC26539251189C800692C1D /* FructusApp.swift */ = {isa = PBXFileReference; lastKnownFileType = sourcecode.swift; path = FructusApp.swift; sourceTree = "<group>"; };
		AFC2653B251189C800692C1D /* ContentView.swift */ = {isa = PBXFileReference; lastKnownFileType = sourcecode.swift; path = ContentView.swift; sourceTree = "<group>"; };
		AFC2653D251189CD00692C1D /* Assets.xcassets */ = {isa = PBXFileReference; lastKnownFileType = folder.assetcatalog; path = Assets.xcassets; sourceTree = "<group>"; };
		AFC26540251189CD00692C1D /* Preview Assets.xcassets */ = {isa = PBXFileReference; lastKnownFileType = folder.assetcatalog; path = "Preview Assets.xcassets"; sourceTree = "<group>"; };
		AFC26542251189CD00692C1D /* Info.plist */ = {isa = PBXFileReference; lastKnownFileType = text.plist.xml; path = Info.plist; sourceTree = "<group>"; };
		AFC26547251189CE00692C1D /* FructusTests.xctest */ = {isa = PBXFileReference; explicitFileType = wrapper.cfbundle; includeInIndex = 0; path = FructusTests.xctest; sourceTree = BUILT_PRODUCTS_DIR; };
		AFC2654B251189CE00692C1D /* FructusTests.swift */ = {isa = PBXFileReference; lastKnownFileType = sourcecode.swift; path = FructusTests.swift; sourceTree = "<group>"; };
		AFC2654D251189CE00692C1D /* Info.plist */ = {isa = PBXFileReference; lastKnownFileType = text.plist.xml; path = Info.plist; sourceTree = "<group>"; };
		AFC26552251189CE00692C1D /* FructusUITests.xctest */ = {isa = PBXFileReference; explicitFileType = wrapper.cfbundle; includeInIndex = 0; path = FructusUITests.xctest; sourceTree = BUILT_PRODUCTS_DIR; };
		AFC26556251189CE00692C1D /* FructusUITests.swift */ = {isa = PBXFileReference; lastKnownFileType = sourcecode.swift; path = FructusUITests.swift; sourceTree = "<group>"; };
		AFC26558251189CE00692C1D /* Info.plist */ = {isa = PBXFileReference; lastKnownFileType = text.plist.xml; path = Info.plist; sourceTree = "<group>"; };
		AFC2656625118D8B00692C1D /* FruitCardView.swift */ = {isa = PBXFileReference; lastKnownFileType = sourcecode.swift; path = FruitCardView.swift; sourceTree = "<group>"; };
/* End PBXFileReference section */

/* Begin PBXFrameworksBuildPhase section */
		AFC26533251189C800692C1D /* Frameworks */ = {
			isa = PBXFrameworksBuildPhase;
			buildActionMask = 2147483647;
			files = (
			);
			runOnlyForDeploymentPostprocessing = 0;
		};
		AFC26544251189CE00692C1D /* Frameworks */ = {
			isa = PBXFrameworksBuildPhase;
			buildActionMask = 2147483647;
			files = (
			);
			runOnlyForDeploymentPostprocessing = 0;
		};
		AFC2654F251189CE00692C1D /* Frameworks */ = {
			isa = PBXFrameworksBuildPhase;
			buildActionMask = 2147483647;
			files = (
			);
			runOnlyForDeploymentPostprocessing = 0;
		};
/* End PBXFrameworksBuildPhase section */

/* Begin PBXGroup section */
		AF8BB7FC2514EF49000A1CBF /* Model */ = {
			isa = PBXGroup;
			children = (
				AF8BB7FD2514EF66000A1CBF /* FruitModel.swift */,
			);
			path = Model;
			sourceTree = "<group>";
		};
		AF8BB8052514F07A000A1CBF /* Data */ = {
			isa = PBXGroup;
			children = (
				AF8BB8062514F08C000A1CBF /* FruitData.swift */,
			);
			path = Data;
			sourceTree = "<group>";
		};
		AFC2652D251189C800692C1D = {
			isa = PBXGroup;
			children = (
				AFC26538251189C800692C1D /* Fructus */,
				AFC2654A251189CE00692C1D /* FructusTests */,
				AFC26555251189CE00692C1D /* FructusUITests */,
				AFC26537251189C800692C1D /* Products */,
			);
			sourceTree = "<group>";
		};
		AFC26537251189C800692C1D /* Products */ = {
			isa = PBXGroup;
			children = (
				AFC26536251189C800692C1D /* Fructus.app */,
				AFC26547251189CE00692C1D /* FructusTests.xctest */,
				AFC26552251189CE00692C1D /* FructusUITests.xctest */,
			);
			name = Products;
			sourceTree = "<group>";
		};
		AFC26538251189C800692C1D /* Fructus */ = {
			isa = PBXGroup;
			children = (
				AFC2656425118D3100692C1D /* App */,
				AFC2656525118D6800692C1D /* View */,
				AF8BB8052514F07A000A1CBF /* Data */,
				AF8BB7FC2514EF49000A1CBF /* Model */,
				AFC2653D251189CD00692C1D /* Assets.xcassets */,
				AFC26542251189CD00692C1D /* Info.plist */,
				AFC2653F251189CD00692C1D /* Preview Content */,
			);
			path = Fructus;
			sourceTree = "<group>";
		};
		AFC2653F251189CD00692C1D /* Preview Content */ = {
			isa = PBXGroup;
			children = (
				AFC26540251189CD00692C1D /* Preview Assets.xcassets */,
			);
			path = "Preview Content";
			sourceTree = "<group>";
		};
		AFC2654A251189CE00692C1D /* FructusTests */ = {
			isa = PBXGroup;
			children = (
				AFC2654B251189CE00692C1D /* FructusTests.swift */,
				AFC2654D251189CE00692C1D /* Info.plist */,
			);
			path = FructusTests;
			sourceTree = "<group>";
		};
		AFC26555251189CE00692C1D /* FructusUITests */ = {
			isa = PBXGroup;
			children = (
				AFC26556251189CE00692C1D /* FructusUITests.swift */,
				AFC26558251189CE00692C1D /* Info.plist */,
			);
			path = FructusUITests;
			sourceTree = "<group>";
		};
		AFC2656425118D3100692C1D /* App */ = {
			isa = PBXGroup;
			children = (
				AFC26539251189C800692C1D /* FructusApp.swift */,
				AFC2653B251189C800692C1D /* ContentView.swift */,
				AF8BB7F425130288000A1CBF /* OnboardingView.swift */,
				AF8BB816251541F6000A1CBF /* FruitDetailView.swift */,
				AF92BA962515893B00FBDE60 /* SettingsView.swift */,
			);
			path = App;
			sourceTree = "<group>";
		};
		AFC2656525118D6800692C1D /* View */ = {
			isa = PBXGroup;
			children = (
				AFC2656625118D8B00692C1D /* FruitCardView.swift */,
				AFB542D82512B2D200E09E4D /* StartButtonView.swift */,
				AF8BB81125150109000A1CBF /* FruitRowView.swift */,
				AF8BB81B251551F9000A1CBF /* FruitHeaderView.swift */,
				AF8BB8202515553E000A1CBF /* SourceLinkView.swift */,
				AF92BA8B25156A4C00FBDE60 /* FruitNutrientsView.swift */,
				AF454C0D2515A4F500165E98 /* SettingsLabelView.swift */,
				AF454C122516B16200165E98 /* SettingsRowView.swift */,
			);
			path = View;
			sourceTree = "<group>";
		};
/* End PBXGroup section */

/* Begin PBXNativeTarget section */
		AFC26535251189C800692C1D /* Fructus */ = {
			isa = PBXNativeTarget;
			buildConfigurationList = AFC2655B251189CE00692C1D /* Build configuration list for PBXNativeTarget "Fructus" */;
			buildPhases = (
				AFC26532251189C800692C1D /* Sources */,
				AFC26533251189C800692C1D /* Frameworks */,
				AFC26534251189C800692C1D /* Resources */,
			);
			buildRules = (
			);
			dependencies = (
			);
			name = Fructus;
			productName = Fructus;
			productReference = AFC26536251189C800692C1D /* Fructus.app */;
			productType = "com.apple.product-type.application";
		};
		AFC26546251189CE00692C1D /* FructusTests */ = {
			isa = PBXNativeTarget;
			buildConfigurationList = AFC2655E251189CE00692C1D /* Build configuration list for PBXNativeTarget "FructusTests" */;
			buildPhases = (
				AFC26543251189CE00692C1D /* Sources */,
				AFC26544251189CE00692C1D /* Frameworks */,
				AFC26545251189CE00692C1D /* Resources */,
			);
			buildRules = (
			);
			dependencies = (
				AFC26549251189CE00692C1D /* PBXTargetDependency */,
			);
			name = FructusTests;
			productName = FructusTests;
			productReference = AFC26547251189CE00692C1D /* FructusTests.xctest */;
			productType = "com.apple.product-type.bundle.unit-test";
		};
		AFC26551251189CE00692C1D /* FructusUITests */ = {
			isa = PBXNativeTarget;
			buildConfigurationList = AFC26561251189CE00692C1D /* Build configuration list for PBXNativeTarget "FructusUITests" */;
			buildPhases = (
				AFC2654E251189CE00692C1D /* Sources */,
				AFC2654F251189CE00692C1D /* Frameworks */,
				AFC26550251189CE00692C1D /* Resources */,
			);
			buildRules = (
			);
			dependencies = (
				AFC26554251189CE00692C1D /* PBXTargetDependency */,
			);
			name = FructusUITests;
			productName = FructusUITests;
			productReference = AFC26552251189CE00692C1D /* FructusUITests.xctest */;
			productType = "com.apple.product-type.bundle.ui-testing";
		};
/* End PBXNativeTarget section */

/* Begin PBXProject section */
		AFC2652E251189C800692C1D /* Project object */ = {
			isa = PBXProject;
			attributes = {
				LastSwiftUpdateCheck = 1200;
				LastUpgradeCheck = 1200;
				TargetAttributes = {
					AFC26535251189C800692C1D = {
						CreatedOnToolsVersion = 12.0;
					};
					AFC26546251189CE00692C1D = {
						CreatedOnToolsVersion = 12.0;
						TestTargetID = AFC26535251189C800692C1D;
					};
					AFC26551251189CE00692C1D = {
						CreatedOnToolsVersion = 12.0;
						TestTargetID = AFC26535251189C800692C1D;
					};
				};
			};
			buildConfigurationList = AFC26531251189C800692C1D /* Build configuration list for PBXProject "Fructus" */;
			compatibilityVersion = "Xcode 9.3";
			developmentRegion = en;
			hasScannedForEncodings = 0;
			knownRegions = (
				en,
				Base,
			);
			mainGroup = AFC2652D251189C800692C1D;
			productRefGroup = AFC26537251189C800692C1D /* Products */;
			projectDirPath = "";
			projectRoot = "";
			targets = (
				AFC26535251189C800692C1D /* Fructus */,
				AFC26546251189CE00692C1D /* FructusTests */,
				AFC26551251189CE00692C1D /* FructusUITests */,
			);
		};
/* End PBXProject section */

/* Begin PBXResourcesBuildPhase section */
		AFC26534251189C800692C1D /* Resources */ = {
			isa = PBXResourcesBuildPhase;
			buildActionMask = 2147483647;
			files = (
				AFC26541251189CD00692C1D /* Preview Assets.xcassets in Resources */,
				AFC2653E251189CD00692C1D /* Assets.xcassets in Resources */,
			);
			runOnlyForDeploymentPostprocessing = 0;
		};
		AFC26545251189CE00692C1D /* Resources */ = {
			isa = PBXResourcesBuildPhase;
			buildActionMask = 2147483647;
			files = (
			);
			runOnlyForDeploymentPostprocessing = 0;
		};
		AFC26550251189CE00692C1D /* Resources */ = {
			isa = PBXResourcesBuildPhase;
			buildActionMask = 2147483647;
			files = (
			);
			runOnlyForDeploymentPostprocessing = 0;
		};
/* End PBXResourcesBuildPhase section */

/* Begin PBXSourcesBuildPhase section */
		AFC26532251189C800692C1D /* Sources */ = {
			isa = PBXSourcesBuildPhase;
			buildActionMask = 2147483647;
			files = (
				AF8BB8072514F08C000A1CBF /* FruitData.swift in Sources */,
				AF8BB8212515553E000A1CBF /* SourceLinkView.swift in Sources */,
				AF454C132516B16200165E98 /* SettingsRowView.swift in Sources */,
				AFC2656725118D8B00692C1D /* FruitCardView.swift in Sources */,
				AF8BB81225150109000A1CBF /* FruitRowView.swift in Sources */,
				AF92BA8C25156A4C00FBDE60 /* FruitNutrientsView.swift in Sources */,
				AFB542D92512B2D200E09E4D /* StartButtonView.swift in Sources */,
				AF8BB817251541F6000A1CBF /* FruitDetailView.swift in Sources */,
				AFC2653C251189C800692C1D /* ContentView.swift in Sources */,
				AF8BB81C251551F9000A1CBF /* FruitHeaderView.swift in Sources */,
				AF8BB7F525130288000A1CBF /* OnboardingView.swift in Sources */,
				AF454C0E2515A4F500165E98 /* SettingsLabelView.swift in Sources */,
				AF8BB7FE2514EF66000A1CBF /* FruitModel.swift in Sources */,
				AFC2653A251189C800692C1D /* FructusApp.swift in Sources */,
				AF92BA972515893B00FBDE60 /* SettingsView.swift in Sources */,
			);
			runOnlyForDeploymentPostprocessing = 0;
		};
		AFC26543251189CE00692C1D /* Sources */ = {
			isa = PBXSourcesBuildPhase;
			buildActionMask = 2147483647;
			files = (
				AFC2654C251189CE00692C1D /* FructusTests.swift in Sources */,
			);
			runOnlyForDeploymentPostprocessing = 0;
		};
		AFC2654E251189CE00692C1D /* Sources */ = {
			isa = PBXSourcesBuildPhase;
			buildActionMask = 2147483647;
			files = (
				AFC26557251189CE00692C1D /* FructusUITests.swift in Sources */,
			);
			runOnlyForDeploymentPostprocessing = 0;
		};
/* End PBXSourcesBuildPhase section */

/* Begin PBXTargetDependency section */
		AFC26549251189CE00692C1D /* PBXTargetDependency */ = {
			isa = PBXTargetDependency;
			target = AFC26535251189C800692C1D /* Fructus */;
			targetProxy = AFC26548251189CE00692C1D /* PBXContainerItemProxy */;
		};
		AFC26554251189CE00692C1D /* PBXTargetDependency */ = {
			isa = PBXTargetDependency;
			target = AFC26535251189C800692C1D /* Fructus */;
			targetProxy = AFC26553251189CE00692C1D /* PBXContainerItemProxy */;
		};
/* End PBXTargetDependency section */

/* Begin XCBuildConfiguration section */
		AFC26559251189CE00692C1D /* Debug */ = {
			isa = XCBuildConfiguration;
			buildSettings = {
				ALWAYS_SEARCH_USER_PATHS = NO;
				CLANG_ANALYZER_NONNULL = YES;
				CLANG_ANALYZER_NUMBER_OBJECT_CONVERSION = YES_AGGRESSIVE;
				CLANG_CXX_LANGUAGE_STANDARD = "gnu++14";
				CLANG_CXX_LIBRARY = "libc++";
				CLANG_ENABLE_MODULES = YES;
				CLANG_ENABLE_OBJC_ARC = YES;
				CLANG_ENABLE_OBJC_WEAK = YES;
				CLANG_WARN_BLOCK_CAPTURE_AUTORELEASING = YES;
				CLANG_WARN_BOOL_CONVERSION = YES;
				CLANG_WARN_COMMA = YES;
				CLANG_WARN_CONSTANT_CONVERSION = YES;
				CLANG_WARN_DEPRECATED_OBJC_IMPLEMENTATIONS = YES;
				CLANG_WARN_DIRECT_OBJC_ISA_USAGE = YES_ERROR;
				CLANG_WARN_DOCUMENTATION_COMMENTS = YES;
				CLANG_WARN_EMPTY_BODY = YES;
				CLANG_WARN_ENUM_CONVERSION = YES;
				CLANG_WARN_INFINITE_RECURSION = YES;
				CLANG_WARN_INT_CONVERSION = YES;
				CLANG_WARN_NON_LITERAL_NULL_CONVERSION = YES;
				CLANG_WARN_OBJC_IMPLICIT_RETAIN_SELF = YES;
				CLANG_WARN_OBJC_LITERAL_CONVERSION = YES;
				CLANG_WARN_OBJC_ROOT_CLASS = YES_ERROR;
				CLANG_WARN_QUOTED_INCLUDE_IN_FRAMEWORK_HEADER = YES;
				CLANG_WARN_RANGE_LOOP_ANALYSIS = YES;
				CLANG_WARN_STRICT_PROTOTYPES = YES;
				CLANG_WARN_SUSPICIOUS_MOVE = YES;
				CLANG_WARN_UNGUARDED_AVAILABILITY = YES_AGGRESSIVE;
				CLANG_WARN_UNREACHABLE_CODE = YES;
				CLANG_WARN__DUPLICATE_METHOD_MATCH = YES;
				COPY_PHASE_STRIP = NO;
				DEBUG_INFORMATION_FORMAT = dwarf;
				ENABLE_STRICT_OBJC_MSGSEND = YES;
				ENABLE_TESTABILITY = YES;
				GCC_C_LANGUAGE_STANDARD = gnu11;
				GCC_DYNAMIC_NO_PIC = NO;
				GCC_NO_COMMON_BLOCKS = YES;
				GCC_OPTIMIZATION_LEVEL = 0;
				GCC_PREPROCESSOR_DEFINITIONS = (
					"DEBUG=1",
					"$(inherited)",
				);
				GCC_WARN_64_TO_32_BIT_CONVERSION = YES;
				GCC_WARN_ABOUT_RETURN_TYPE = YES_ERROR;
				GCC_WARN_UNDECLARED_SELECTOR = YES;
				GCC_WARN_UNINITIALIZED_AUTOS = YES_AGGRESSIVE;
				GCC_WARN_UNUSED_FUNCTION = YES;
				GCC_WARN_UNUSED_VARIABLE = YES;
				IPHONEOS_DEPLOYMENT_TARGET = 14.0;
				MTL_ENABLE_DEBUG_INFO = INCLUDE_SOURCE;
				MTL_FAST_MATH = YES;
				ONLY_ACTIVE_ARCH = YES;
				SDKROOT = iphoneos;
				SWIFT_ACTIVE_COMPILATION_CONDITIONS = DEBUG;
				SWIFT_OPTIMIZATION_LEVEL = "-Onone";
			};
			name = Debug;
		};
		AFC2655A251189CE00692C1D /* Release */ = {
			isa = XCBuildConfiguration;
			buildSettings = {
				ALWAYS_SEARCH_USER_PATHS = NO;
				CLANG_ANALYZER_NONNULL = YES;
				CLANG_ANALYZER_NUMBER_OBJECT_CONVERSION = YES_AGGRESSIVE;
				CLANG_CXX_LANGUAGE_STANDARD = "gnu++14";
				CLANG_CXX_LIBRARY = "libc++";
				CLANG_ENABLE_MODULES = YES;
				CLANG_ENABLE_OBJC_ARC = YES;
				CLANG_ENABLE_OBJC_WEAK = YES;
				CLANG_WARN_BLOCK_CAPTURE_AUTORELEASING = YES;
				CLANG_WARN_BOOL_CONVERSION = YES;
				CLANG_WARN_COMMA = YES;
				CLANG_WARN_CONSTANT_CONVERSION = YES;
				CLANG_WARN_DEPRECATED_OBJC_IMPLEMENTATIONS = YES;
				CLANG_WARN_DIRECT_OBJC_ISA_USAGE = YES_ERROR;
				CLANG_WARN_DOCUMENTATION_COMMENTS = YES;
				CLANG_WARN_EMPTY_BODY = YES;
				CLANG_WARN_ENUM_CONVERSION = YES;
				CLANG_WARN_INFINITE_RECURSION = YES;
				CLANG_WARN_INT_CONVERSION = YES;
				CLANG_WARN_NON_LITERAL_NULL_CONVERSION = YES;
				CLANG_WARN_OBJC_IMPLICIT_RETAIN_SELF = YES;
				CLANG_WARN_OBJC_LITERAL_CONVERSION = YES;
				CLANG_WARN_OBJC_ROOT_CLASS = YES_ERROR;
				CLANG_WARN_QUOTED_INCLUDE_IN_FRAMEWORK_HEADER = YES;
				CLANG_WARN_RANGE_LOOP_ANALYSIS = YES;
				CLANG_WARN_STRICT_PROTOTYPES = YES;
				CLANG_WARN_SUSPICIOUS_MOVE = YES;
				CLANG_WARN_UNGUARDED_AVAILABILITY = YES_AGGRESSIVE;
				CLANG_WARN_UNREACHABLE_CODE = YES;
				CLANG_WARN__DUPLICATE_METHOD_MATCH = YES;
				COPY_PHASE_STRIP = NO;
				DEBUG_INFORMATION_FORMAT = "dwarf-with-dsym";
				ENABLE_NS_ASSERTIONS = NO;
				ENABLE_STRICT_OBJC_MSGSEND = YES;
				GCC_C_LANGUAGE_STANDARD = gnu11;
				GCC_NO_COMMON_BLOCKS = YES;
				GCC_WARN_64_TO_32_BIT_CONVERSION = YES;
				GCC_WARN_ABOUT_RETURN_TYPE = YES_ERROR;
				GCC_WARN_UNDECLARED_SELECTOR = YES;
				GCC_WARN_UNINITIALIZED_AUTOS = YES_AGGRESSIVE;
				GCC_WARN_UNUSED_FUNCTION = YES;
				GCC_WARN_UNUSED_VARIABLE = YES;
				IPHONEOS_DEPLOYMENT_TARGET = 14.0;
				MTL_ENABLE_DEBUG_INFO = NO;
				MTL_FAST_MATH = YES;
				SDKROOT = iphoneos;
				SWIFT_COMPILATION_MODE = wholemodule;
				SWIFT_OPTIMIZATION_LEVEL = "-O";
				VALIDATE_PRODUCT = YES;
			};
			name = Release;
		};
		AFC2655C251189CE00692C1D /* Debug */ = {
			isa = XCBuildConfiguration;
			buildSettings = {
				ASSETCATALOG_COMPILER_APPICON_NAME = AppIcon;
				ASSETCATALOG_COMPILER_GLOBAL_ACCENT_COLOR_NAME = AccentColor;
				CODE_SIGN_STYLE = Automatic;
				DEVELOPMENT_ASSET_PATHS = "\"Fructus/Preview Content\"";
				DEVELOPMENT_TEAM = PTDDPSLG9G;
				ENABLE_PREVIEWS = YES;
				INFOPLIST_FILE = Fructus/Info.plist;
				IPHONEOS_DEPLOYMENT_TARGET = 14.0;
				LD_RUNPATH_SEARCH_PATHS = (
					"$(inherited)",
					"@executable_path/Frameworks",
				);
				PRODUCT_BUNDLE_IDENTIFIER = com.vngrs.Fructus;
				PRODUCT_NAME = "$(TARGET_NAME)";
				SWIFT_VERSION = 5.0;
				TARGETED_DEVICE_FAMILY = "1,2";
			};
			name = Debug;
		};
		AFC2655D251189CE00692C1D /* Release */ = {
			isa = XCBuildConfiguration;
			buildSettings = {
				ASSETCATALOG_COMPILER_APPICON_NAME = AppIcon;
				ASSETCATALOG_COMPILER_GLOBAL_ACCENT_COLOR_NAME = AccentColor;
				CODE_SIGN_STYLE = Automatic;
				DEVELOPMENT_ASSET_PATHS = "\"Fructus/Preview Content\"";
				DEVELOPMENT_TEAM = PTDDPSLG9G;
				ENABLE_PREVIEWS = YES;
				INFOPLIST_FILE = Fructus/Info.plist;
				IPHONEOS_DEPLOYMENT_TARGET = 14.0;
				LD_RUNPATH_SEARCH_PATHS = (
					"$(inherited)",
					"@executable_path/Frameworks",
				);
				PRODUCT_BUNDLE_IDENTIFIER = com.vngrs.Fructus;
				PRODUCT_NAME = "$(TARGET_NAME)";
				SWIFT_VERSION = 5.0;
				TARGETED_DEVICE_FAMILY = "1,2";
			};
			name = Release;
		};
		AFC2655F251189CE00692C1D /* Debug */ = {
			isa = XCBuildConfiguration;
			buildSettings = {
				ALWAYS_EMBED_SWIFT_STANDARD_LIBRARIES = YES;
				BUNDLE_LOADER = "$(TEST_HOST)";
				CODE_SIGN_STYLE = Automatic;
				DEVELOPMENT_TEAM = PTDDPSLG9G;
				INFOPLIST_FILE = FructusTests/Info.plist;
				IPHONEOS_DEPLOYMENT_TARGET = 14.0;
				LD_RUNPATH_SEARCH_PATHS = (
					"$(inherited)",
					"@executable_path/Frameworks",
					"@loader_path/Frameworks",
				);
				PRODUCT_BUNDLE_IDENTIFIER = com.vngrs.FructusTests;
				PRODUCT_NAME = "$(TARGET_NAME)";
				SWIFT_VERSION = 5.0;
				TARGETED_DEVICE_FAMILY = "1,2";
				TEST_HOST = "$(BUILT_PRODUCTS_DIR)/Fructus.app/Fructus";
			};
			name = Debug;
		};
		AFC26560251189CE00692C1D /* Release */ = {
			isa = XCBuildConfiguration;
			buildSettings = {
				ALWAYS_EMBED_SWIFT_STANDARD_LIBRARIES = YES;
				BUNDLE_LOADER = "$(TEST_HOST)";
				CODE_SIGN_STYLE = Automatic;
				DEVELOPMENT_TEAM = PTDDPSLG9G;
				INFOPLIST_FILE = FructusTests/Info.plist;
				IPHONEOS_DEPLOYMENT_TARGET = 14.0;
				LD_RUNPATH_SEARCH_PATHS = (
					"$(inherited)",
					"@executable_path/Frameworks",
					"@loader_path/Frameworks",
				);
				PRODUCT_BUNDLE_IDENTIFIER = com.vngrs.FructusTests;
				PRODUCT_NAME = "$(TARGET_NAME)";
				SWIFT_VERSION = 5.0;
				TARGETED_DEVICE_FAMILY = "1,2";
				TEST_HOST = "$(BUILT_PRODUCTS_DIR)/Fructus.app/Fructus";
			};
			name = Release;
		};
		AFC26562251189CE00692C1D /* Debug */ = {
			isa = XCBuildConfiguration;
			buildSettings = {
				ALWAYS_EMBED_SWIFT_STANDARD_LIBRARIES = YES;
				CODE_SIGN_STYLE = Automatic;
				DEVELOPMENT_TEAM = PTDDPSLG9G;
				INFOPLIST_FILE = FructusUITests/Info.plist;
				LD_RUNPATH_SEARCH_PATHS = (
					"$(inherited)",
					"@executable_path/Frameworks",
					"@loader_path/Frameworks",
				);
				PRODUCT_BUNDLE_IDENTIFIER = com.vngrs.FructusUITests;
				PRODUCT_NAME = "$(TARGET_NAME)";
				SWIFT_VERSION = 5.0;
				TARGETED_DEVICE_FAMILY = "1,2";
				TEST_TARGET_NAME = Fructus;
			};
			name = Debug;
		};
		AFC26563251189CE00692C1D /* Release */ = {
			isa = XCBuildConfiguration;
			buildSettings = {
				ALWAYS_EMBED_SWIFT_STANDARD_LIBRARIES = YES;
				CODE_SIGN_STYLE = Automatic;
				DEVELOPMENT_TEAM = PTDDPSLG9G;
				INFOPLIST_FILE = FructusUITests/Info.plist;
				LD_RUNPATH_SEARCH_PATHS = (
					"$(inherited)",
					"@executable_path/Frameworks",
					"@loader_path/Frameworks",
				);
				PRODUCT_BUNDLE_IDENTIFIER = com.vngrs.FructusUITests;
				PRODUCT_NAME = "$(TARGET_NAME)";
				SWIFT_VERSION = 5.0;
				TARGETED_DEVICE_FAMILY = "1,2";
				TEST_TARGET_NAME = Fructus;
			};
			name = Release;
		};
/* End XCBuildConfiguration section */

/* Begin XCConfigurationList section */
		AFC26531251189C800692C1D /* Build configuration list for PBXProject "Fructus" */ = {
			isa = XCConfigurationList;
			buildConfigurations = (
				AFC26559251189CE00692C1D /* Debug */,
				AFC2655A251189CE00692C1D /* Release */,
			);
			defaultConfigurationIsVisible = 0;
			defaultConfigurationName = Release;
		};
		AFC2655B251189CE00692C1D /* Build configuration list for PBXNativeTarget "Fructus" */ = {
			isa = XCConfigurationList;
			buildConfigurations = (
				AFC2655C251189CE00692C1D /* Debug */,
				AFC2655D251189CE00692C1D /* Release */,
			);
			defaultConfigurationIsVisible = 0;
			defaultConfigurationName = Release;
		};
		AFC2655E251189CE00692C1D /* Build configuration list for PBXNativeTarget "FructusTests" */ = {
			isa = XCConfigurationList;
			buildConfigurations = (
				AFC2655F251189CE00692C1D /* Debug */,
				AFC26560251189CE00692C1D /* Release */,
			);
			defaultConfigurationIsVisible = 0;
			defaultConfigurationName = Release;
		};
		AFC26561251189CE00692C1D /* Build configuration list for PBXNativeTarget "FructusUITests" */ = {
			isa = XCConfigurationList;
			buildConfigurations = (
				AFC26562251189CE00692C1D /* Debug */,
				AFC26563251189CE00692C1D /* Release */,
			);
			defaultConfigurationIsVisible = 0;
			defaultConfigurationName = Release;
		};
/* End XCConfigurationList section */
	};
	rootObject = AFC2652E251189C800692C1D /* Project object */;
}
